
Microsoft Visual Studio Solution File, Format Version 12.00
Project("{2150E333-8FDC-42A3-9474-1A3956D46DE8}") = "src", "src", "{ED1B6AA4-F1AA-408F-BE3F-606E045E2CB3}"
EndProject
Project("{2150E333-8FDC-42A3-9474-1A3956D46DE8}") = "Core", "Core", "{5233D0FD-D402-43D1-ACFB-DC1B5BE320B9}"
EndProject
Project("{2150E333-8FDC-42A3-9474-1A3956D46DE8}") = "Infrastructure", "Infrastructure", "{24F2EF2C-61FB-4783-88EA-C46E56BF9EC1}"
EndProject
Project("{FAE04EC0-301F-11D3-BF4B-00C04F79EFBC}") = "WebApi", "src\WebApi\WebApi.csproj", "{9C0AAA68-59C2-441A-B3F0-E2FB4C6CCAFA}"
EndProject
Project("{FAE04EC0-301F-11D3-BF4B-00C04F79EFBC}") = "Domain", "src\Core\Domain\Domain.csproj", "{9DF4F083-C088-4A0B-8614-D521B666524D}"
EndProject
Project("{FAE04EC0-301F-11D3-BF4B-00C04F79EFBC}") = "Application", "src\Core\Application\Application.csproj", "{939B0A8B-0660-45F3-AC56-2F64EA1284D6}"
EndProject
Project("{FAE04EC0-301F-11D3-BF4B-00C04F79EFBC}") = "Infrastructure", "src\Infrastructure\Infrastructure\Infrastructure.csproj", "{6A3E5F15-3CB6-45A1-922F-98ABE9398977}"
EndProject
Global
	GlobalSection(SolutionConfigurationPlatforms) = preSolution
		Debug|Any CPU = Debug|Any CPU
		Release|Any CPU = Release|Any CPU
	EndGlobalSection
	GlobalSection(NestedProjects) = preSolution
		{5233D0FD-D402-43D1-ACFB-DC1B5BE320B9} = {ED1B6AA4-F1AA-408F-BE3F-606E045E2CB3}
		{24F2EF2C-61FB-4783-88EA-C46E56BF9EC1} = {ED1B6AA4-F1AA-408F-BE3F-606E045E2CB3}
		{9C0AAA68-59C2-441A-B3F0-E2FB4C6CCAFA} = {ED1B6AA4-F1AA-408F-BE3F-606E045E2CB3}
		{9DF4F083-C088-4A0B-8614-D521B666524D} = {5233D0FD-D402-43D1-ACFB-DC1B5BE320B9}
		{939B0A8B-0660-45F3-AC56-2F64EA1284D6} = {5233D0FD-D402-43D1-ACFB-DC1B5BE320B9}
		{6A3E5F15-3CB6-45A1-922F-98ABE9398977} = {24F2EF2C-61FB-4783-88EA-C46E56BF9EC1}
	EndGlobalSection
	GlobalSection(ProjectConfigurationPlatforms) = postSolution
		{9C0AAA68-59C2-441A-B3F0-E2FB4C6CCAFA}.Debug|Any CPU.ActiveCfg = Debug|Any CPU
		{9C0AAA68-59C2-441A-B3F0-E2FB4C6CCAFA}.Debug|Any CPU.Build.0 = Debug|Any CPU
		{9C0AAA68-59C2-441A-B3F0-E2FB4C6CCAFA}.Release|Any CPU.ActiveCfg = Release|Any CPU
		{9C0AAA68-59C2-441A-B3F0-E2FB4C6CCAFA}.Release|Any CPU.Build.0 = Release|Any CPU
		{9DF4F083-C088-4A0B-8614-D521B666524D}.Debug|Any CPU.ActiveCfg = Debug|Any CPU
		{9DF4F083-C088-4A0B-8614-D521B666524D}.Debug|Any CPU.Build.0 = Debug|Any CPU
		{9DF4F083-C088-4A0B-8614-D521B666524D}.Release|Any CPU.ActiveCfg = Release|Any CPU
		{9DF4F083-C088-4A0B-8614-D521B666524D}.Release|Any CPU.Build.0 = Release|Any CPU
		{939B0A8B-0660-45F3-AC56-2F64EA1284D6}.Debug|Any CPU.ActiveCfg = Debug|Any CPU
		{939B0A8B-0660-45F3-AC56-2F64EA1284D6}.Debug|Any CPU.Build.0 = Debug|Any CPU
		{939B0A8B-0660-45F3-AC56-2F64EA1284D6}.Release|Any CPU.ActiveCfg = Release|Any CPU
		{939B0A8B-0660-45F3-AC56-2F64EA1284D6}.Release|Any CPU.Build.0 = Release|Any CPU
		{6A3E5F15-3CB6-45A1-922F-98ABE9398977}.Debug|Any CPU.ActiveCfg = Debug|Any CPU
		{6A3E5F15-3CB6-45A1-922F-98ABE9398977}.Debug|Any CPU.Build.0 = Debug|Any CPU
		{6A3E5F15-3CB6-45A1-922F-98ABE9398977}.Release|Any CPU.ActiveCfg = Release|Any CPU
		{6A3E5F15-3CB6-45A1-922F-98ABE9398977}.Release|Any CPU.Build.0 = Release|Any CPU
	EndGlobalSection
EndGlobal
